{
  "version": "2",
  "remote": {
    "https://deno.land/std@0.171.0/_util/asserts.ts": "178dfc49a464aee693a7e285567b3d0b555dc805ff490505a8aae34f9cfb1462",
    "https://deno.land/std@0.171.0/_util/os.ts": "d932f56d41e4f6a6093d56044e29ce637f8dcc43c5a90af43504a889cf1775e3",
    "https://deno.land/std@0.171.0/fs/_util.ts": "65381f341af1ff7f40198cee15c20f59951ac26e51ddc651c5293e24f9ce6f32",
    "https://deno.land/std@0.171.0/fs/copy.ts": "14214efd94fc3aa6db1e4af2b4b9578e50f7362b7f3725d5a14ad259a5df26c8",
    "https://deno.land/std@0.171.0/fs/empty_dir.ts": "c3d2da4c7352fab1cf144a1ecfef58090769e8af633678e0f3fabaef98594688",
    "https://deno.land/std@0.171.0/fs/ensure_dir.ts": "724209875497a6b4628dfb256116e5651c4f7816741368d6c44aab2531a1e603",
    "https://deno.land/std@0.171.0/fs/ensure_file.ts": "c38602670bfaf259d86ca824a94e6cb9e5eb73757fefa4ebf43a90dd017d53d9",
    "https://deno.land/std@0.171.0/fs/ensure_link.ts": "c0f5b2f0ec094ed52b9128eccb1ee23362a617457aa0f699b145d4883f5b2fb4",
    "https://deno.land/std@0.171.0/fs/ensure_symlink.ts": "2955cc8332aeca9bdfefd05d8d3976b94e282b0f353392a71684808ed2ffdd41",
    "https://deno.land/std@0.171.0/fs/eol.ts": "f1f2eb348a750c34500741987b21d65607f352cf7205f48f4319d417fff42842",
    "https://deno.land/std@0.171.0/fs/exists.ts": "b8c8a457b71e9d7f29b9d2f87aad8dba2739cbe637e8926d6ba6e92567875f8e",
    "https://deno.land/std@0.171.0/fs/expand_glob.ts": "536055845aafc32de7e7a46c3b778a741825d5e2ed8580d9851a01ec7a5adf2e",
    "https://deno.land/std@0.171.0/fs/mod.ts": "bc3d0acd488cc7b42627044caf47d72019846d459279544e1934418955ba4898",
    "https://deno.land/std@0.171.0/fs/move.ts": "4cb47f880e3f0582c55e71c9f8b1e5e8cfaacb5e84f7390781dd563b7298ec19",
    "https://deno.land/std@0.171.0/fs/walk.ts": "ea95ffa6500c1eda6b365be488c056edc7c883a1db41ef46ec3bf057b1c0fe32",
    "https://deno.land/std@0.171.0/path/_constants.ts": "e49961f6f4f48039c0dfed3c3f93e963ca3d92791c9d478ac5b43183413136e0",
    "https://deno.land/std@0.171.0/path/_interface.ts": "6471159dfbbc357e03882c2266d21ef9afdb1e4aa771b0545e90db58a0ba314b",
    "https://deno.land/std@0.171.0/path/_util.ts": "86c2375a996c1931b2f2ac71fefd5ddf0cf0e579fa4ab12d3e4c552d4223b8d8",
    "https://deno.land/std@0.171.0/path/common.ts": "ee7505ab01fd22de3963b64e46cff31f40de34f9f8de1fff6a1bd2fe79380000",
    "https://deno.land/std@0.171.0/path/glob.ts": "d479e0a695621c94d3fd7fe7abd4f9499caf32a8de13f25073451c6ef420a4e1",
    "https://deno.land/std@0.171.0/path/mod.ts": "4b83694ac500d7d31b0cdafc927080a53dc0c3027eb2895790fb155082b0d232",
    "https://deno.land/std@0.171.0/path/posix.ts": "2ecc259e6f34013889b7638ff90339a82d8178f629155761ce6001e41af55a43",
    "https://deno.land/std@0.171.0/path/separator.ts": "0fb679739d0d1d7bf45b68dacfb4ec7563597a902edbaf3c59b50d5bcadd93b1",
    "https://deno.land/std@0.171.0/path/win32.ts": "99170a0eb0e2b1ce41499c1e86bb55320cb6606299ad947f57ee0a291cdb93d5",
    "https://deno.land/std@0.171.0/semver/mod.ts": "80acd488589001b15542847663101142fb251729a8c902ae60d66427a4a9eae1",
    "https://deno.land/x/denops_core@v4.0.0/denops.ts": "73561b60556ffb39112feff4f53eac1752c1f2db28548c5c74e2befb5ae741bf",
    "https://deno.land/x/denops_core@v4.0.0/mod.ts": "abc31bf739a30a8cf07d54a56b7c5d5efb8105bf9dd4d6dae4866649985bc035",
    "https://deno.land/x/denops_std@v4.0.0/anonymous/mod.ts": "00aeebf858fca90ea5b6e740ba76054bd89f89df8df1de28650fa6afa3e329eb",
    "https://deno.land/x/denops_std@v4.0.0/autocmd/common.ts": "efefc6d54297525fcbdd38f4f870403cf1897ad957bfa191658e4336cf3e7bee",
    "https://deno.land/x/denops_std@v4.0.0/autocmd/group.ts": "43ee21b2a02398a276aad563eccac542f593b8dd981ac7ccbcb3abbeca623e0a",
    "https://deno.land/x/denops_std@v4.0.0/autocmd/mod.ts": "a3fbf1c1b2bd5a7f95a3bc94e6df909b291376d657bc35272b52ad3e2728ec8a",
    "https://deno.land/x/denops_std@v4.0.0/autocmd/types.ts": "485f918030b3d28c86052dcf7822f6bbeaa95119db1f0d7632af54b1c087f53c",
    "https://deno.land/x/denops_std@v4.0.0/autocmd/utils.ts": "f0238f60cf80acb14c8aaa89b25454714f3f627b1f8c94ca8197e906ff753f3f",
    "https://deno.land/x/denops_std@v4.0.0/batch/batch.ts": "9bf8125b451959edc2f8d95e1829f3bcf4d138526a4d4f3c17865026abf07372",
    "https://deno.land/x/denops_std@v4.0.0/batch/gather.ts": "ca346eb547c954251b1be56a153f0de06d7a8b3080a76f228cf3da9370b187b8",
    "https://deno.land/x/denops_std@v4.0.0/batch/mod.ts": "31952c134d344bab5a7dbc3304506a5b60afa96d50bfbaf5dce1971251183dea",
    "https://deno.land/x/denops_std@v4.0.0/function/_generated.ts": "5cd50c86f8a80fc47f643defacdca785216f8a11ecba1e71520bff6b3ff0f82c",
    "https://deno.land/x/denops_std@v4.0.0/function/_manual.ts": "a26da7f6d5cae879eac8ebb925cf86943ef49644fe99878c69c6917697672ea7",
    "https://deno.land/x/denops_std@v4.0.0/function/buffer.ts": "6126d5978edebc1c335d27acc2bb5f11aadc97c569fcd4b2780ba6b5e1050f54",
    "https://deno.land/x/denops_std@v4.0.0/function/common.ts": "8f3659c1e55f9333e821f8ee70625df8903ca8439253708f519fe82346945952",
    "https://deno.land/x/denops_std@v4.0.0/function/cursor.ts": "07c5600f529794a5770ddd4bce15771a4fb8125b0148fb092656d9cf1854c710",
    "https://deno.land/x/denops_std@v4.0.0/function/getreginfo.ts": "3dc36377121fa9958e2ac105c2e0d2e88a6118d14987acd3cee44dbffc2f90a3",
    "https://deno.land/x/denops_std@v4.0.0/function/input.ts": "1085df40870f7ae7b7c9d77fdd77da1dbbff36d77d9ce68d75257ddf69720cd5",
    "https://deno.land/x/denops_std@v4.0.0/function/mod.ts": "714b13733ab9a1a4cb77220dafe27ee5edabe00c000ab79f8ab030a5c8440788",
    "https://deno.land/x/denops_std@v4.0.0/function/types.ts": "e45d9ad042f7901fa38bf530672a378a629dcdf9f79fa759506912ca4a0d18f9",
    "https://deno.land/x/denops_std@v4.0.0/function/various.ts": "0f28ba97b4fd831cf9f7400fe466c7b943fec18868f3a701f7f348b33f1cfba3",
    "https://deno.land/x/denops_std@v4.0.0/helper/echo.ts": "21df75fdf37a9847c34f7c0a91812d0b119f8f68e514ac38188f5e958afbdf0f",
    "https://deno.land/x/denops_std@v4.0.0/helper/execute.ts": "a9446708959c5f417301c1eeab0ead2a8abbaf4b5e22e59b927d7ea18557c9f7",
    "https://deno.land/x/denops_std@v4.0.0/helper/input.ts": "86470d6539813c2bc17ba2d2040215de2dfc959bcdb9cbd4be279e6d025dd679",
    "https://deno.land/x/denops_std@v4.0.0/helper/load.ts": "b876c629d624f040ebbc073800912e531a7367bb3258e677bc2e4efb4c2e3422",
    "https://deno.land/x/denops_std@v4.0.0/helper/mod.ts": "4f008bc1bfdb89129b493c49be1996c9aa7902ad0a862675a7884d4d6c255c8f",
    "https://deno.land/x/denops_std@v4.0.0/mod.ts": "d6bbd362334ac11d515764f478dcea7be69fe1b11e8141065779849dfca9c92a",
    "https://deno.land/x/denops_std@v4.0.0/option/_generated.ts": "2106adf57207b2c01eb7e4dab4c4654ea389c2d64be5c35df1dc4c36d0d8707b",
    "https://deno.land/x/denops_std@v4.0.0/option/_manual.ts": "e3b0c44298fc1c149afbf4c8996fb92427ae41e4649b934ca495991b7852b855",
    "https://deno.land/x/denops_std@v4.0.0/option/mod.ts": "d1c79cd2733c3efc2d3b89f51cfe8d71f2567af066d0c0e27fa3d0731e3d7c96",
    "https://deno.land/x/denops_std@v4.0.0/util.ts": "ded8c5790c4cb6082d27596ff0958291d795695ec6323113dec5c1985b5ebb46",
    "https://deno.land/x/denops_std@v4.0.0/variable/environment.ts": "1a0045c15416a6c19668b54bc66d069481bf19c2924412da7c7c5ce1f049ec1e",
    "https://deno.land/x/denops_std@v4.0.0/variable/mod.ts": "b247a9153211f1fd1eaaadf35efc3b0f7dd16ed57eb2a8137419138934a2fec5",
    "https://deno.land/x/denops_std@v4.0.0/variable/option.ts": "4b8442d94edee547bc505eb9c774f7b0bfe8915d4878bef803e64d5e01f58a7f",
    "https://deno.land/x/denops_std@v4.0.0/variable/register.ts": "12d6640087aed01f4cdb7751c7af077a558e3b276d209772edc787411136a3b4",
    "https://deno.land/x/denops_std@v4.0.0/variable/types.ts": "3b13afd2ee36e901ab0c158c68cdfb0c7ded3bec25ccb44346fb5c333ae1070c",
    "https://deno.land/x/denops_std@v4.0.0/variable/variable.ts": "d5fe93f9f4437bed116fdd07d4ca5d94a6a0e6da886d0f145343a4577a28485a",
    "https://deno.land/x/unknownutil@v2.1.0/assert.ts": "33ac165c3917129a66f29a7098c0d56d8be290cc271afd0152705b97c770892d",
    "https://deno.land/x/unknownutil@v2.1.0/ensure.ts": "c7878930c8bd341e88c4f1fc742e98fe5e8451f5b9bac21fae2d085914d95827",
    "https://deno.land/x/unknownutil@v2.1.0/is.ts": "32ef707359264c5baf97725ceb13f87ef34e73b50eb199d76034742bec21f2a2",
    "https://deno.land/x/unknownutil@v2.1.0/maybe.ts": "260f159636893d2d0e08814151a0b19b3bc0e7fa8b423bdf2b64aa664a4ee735",
    "https://deno.land/x/unknownutil@v2.1.0/mod.ts": "ccd4f6ba067ac766da0533f13a018a6734c042a9484115fa49c7face17e8501d"
  }
}
