{
  "version": "2",
  "remote": {
    "https://deno.land/std@0.134.0/_util/assert.ts": "e94f2eb37cebd7f199952e242c77654e43333c1ac4c5c700e929ea3aa5489f74",
    "https://deno.land/std@0.134.0/_util/os.ts": "49b92edea1e82ba295ec946de8ffd956ed123e2948d9bd1d3e901b04e4307617",
    "https://deno.land/std@0.134.0/path/_constants.ts": "df1db3ffa6dd6d1252cc9617e5d72165cd2483df90e93833e13580687b6083c3",
    "https://deno.land/std@0.134.0/path/_interface.ts": "ee3b431a336b80cf445441109d089b70d87d5e248f4f90ff906820889ecf8d09",
    "https://deno.land/std@0.134.0/path/_util.ts": "c1e9686d0164e29f7d880b2158971d805b6e0efc3110d0b3e24e4b8af2190d2b",
    "https://deno.land/std@0.134.0/path/common.ts": "bee563630abd2d97f99d83c96c2fa0cca7cee103e8cb4e7699ec4d5db7bd2633",
    "https://deno.land/std@0.134.0/path/glob.ts": "cb5255638de1048973c3e69e420c77dc04f75755524cb3b2e160fe9277d939ee",
    "https://deno.land/std@0.134.0/path/mod.ts": "4275129bb766f0e475ecc5246aa35689eeade419d72a48355203f31802640be7",
    "https://deno.land/std@0.134.0/path/posix.ts": "663e4a6fe30a145f56aa41a22d95114c4c5582d8b57d2d7c9ed27ad2c47636bb",
    "https://deno.land/std@0.134.0/path/separator.ts": "fe1816cb765a8068afb3e8f13ad272351c85cbc739af56dacfc7d93d710fe0f9",
    "https://deno.land/std@0.134.0/path/win32.ts": "e7bdf63e8d9982b4d8a01ef5689425c93310ece950e517476e22af10f41a136e",
    "https://deno.land/std@0.171.0/_util/asserts.ts": "178dfc49a464aee693a7e285567b3d0b555dc805ff490505a8aae34f9cfb1462",
    "https://deno.land/std@0.171.0/_util/os.ts": "d932f56d41e4f6a6093d56044e29ce637f8dcc43c5a90af43504a889cf1775e3",
    "https://deno.land/std@0.171.0/fs/_util.ts": "65381f341af1ff7f40198cee15c20f59951ac26e51ddc651c5293e24f9ce6f32",
    "https://deno.land/std@0.171.0/fs/copy.ts": "14214efd94fc3aa6db1e4af2b4b9578e50f7362b7f3725d5a14ad259a5df26c8",
    "https://deno.land/std@0.171.0/fs/empty_dir.ts": "c3d2da4c7352fab1cf144a1ecfef58090769e8af633678e0f3fabaef98594688",
    "https://deno.land/std@0.171.0/fs/ensure_dir.ts": "724209875497a6b4628dfb256116e5651c4f7816741368d6c44aab2531a1e603",
    "https://deno.land/std@0.171.0/fs/ensure_file.ts": "c38602670bfaf259d86ca824a94e6cb9e5eb73757fefa4ebf43a90dd017d53d9",
    "https://deno.land/std@0.171.0/fs/ensure_link.ts": "c0f5b2f0ec094ed52b9128eccb1ee23362a617457aa0f699b145d4883f5b2fb4",
    "https://deno.land/std@0.171.0/fs/ensure_symlink.ts": "2955cc8332aeca9bdfefd05d8d3976b94e282b0f353392a71684808ed2ffdd41",
    "https://deno.land/std@0.171.0/fs/eol.ts": "f1f2eb348a750c34500741987b21d65607f352cf7205f48f4319d417fff42842",
    "https://deno.land/std@0.171.0/fs/exists.ts": "b8c8a457b71e9d7f29b9d2f87aad8dba2739cbe637e8926d6ba6e92567875f8e",
    "https://deno.land/std@0.171.0/fs/expand_glob.ts": "536055845aafc32de7e7a46c3b778a741825d5e2ed8580d9851a01ec7a5adf2e",
    "https://deno.land/std@0.171.0/fs/mod.ts": "bc3d0acd488cc7b42627044caf47d72019846d459279544e1934418955ba4898",
    "https://deno.land/std@0.171.0/fs/move.ts": "4cb47f880e3f0582c55e71c9f8b1e5e8cfaacb5e84f7390781dd563b7298ec19",
    "https://deno.land/std@0.171.0/fs/walk.ts": "ea95ffa6500c1eda6b365be488c056edc7c883a1db41ef46ec3bf057b1c0fe32",
    "https://deno.land/std@0.171.0/path/_constants.ts": "e49961f6f4f48039c0dfed3c3f93e963ca3d92791c9d478ac5b43183413136e0",
    "https://deno.land/std@0.171.0/path/_interface.ts": "6471159dfbbc357e03882c2266d21ef9afdb1e4aa771b0545e90db58a0ba314b",
    "https://deno.land/std@0.171.0/path/_util.ts": "86c2375a996c1931b2f2ac71fefd5ddf0cf0e579fa4ab12d3e4c552d4223b8d8",
    "https://deno.land/std@0.171.0/path/common.ts": "ee7505ab01fd22de3963b64e46cff31f40de34f9f8de1fff6a1bd2fe79380000",
    "https://deno.land/std@0.171.0/path/glob.ts": "d479e0a695621c94d3fd7fe7abd4f9499caf32a8de13f25073451c6ef420a4e1",
    "https://deno.land/std@0.171.0/path/mod.ts": "4b83694ac500d7d31b0cdafc927080a53dc0c3027eb2895790fb155082b0d232",
    "https://deno.land/std@0.171.0/path/posix.ts": "2ecc259e6f34013889b7638ff90339a82d8178f629155761ce6001e41af55a43",
    "https://deno.land/std@0.171.0/path/separator.ts": "0fb679739d0d1d7bf45b68dacfb4ec7563597a902edbaf3c59b50d5bcadd93b1",
    "https://deno.land/std@0.171.0/path/win32.ts": "99170a0eb0e2b1ce41499c1e86bb55320cb6606299ad947f57ee0a291cdb93d5",
    "https://deno.land/std@0.171.0/semver/mod.ts": "80acd488589001b15542847663101142fb251729a8c902ae60d66427a4a9eae1",
    "https://deno.land/std@0.175.0/_util/asserts.ts": "178dfc49a464aee693a7e285567b3d0b555dc805ff490505a8aae34f9cfb1462",
    "https://deno.land/std@0.175.0/_util/os.ts": "d932f56d41e4f6a6093d56044e29ce637f8dcc43c5a90af43504a889cf1775e3",
    "https://deno.land/std@0.175.0/bytes/concat.ts": "d26d6f3d7922e6d663dacfcd357563b7bf4a380ce5b9c2bbe0c8586662f25ce2",
    "https://deno.land/std@0.175.0/path/_constants.ts": "e49961f6f4f48039c0dfed3c3f93e963ca3d92791c9d478ac5b43183413136e0",
    "https://deno.land/std@0.175.0/path/_interface.ts": "6471159dfbbc357e03882c2266d21ef9afdb1e4aa771b0545e90db58a0ba314b",
    "https://deno.land/std@0.175.0/path/_util.ts": "d7abb1e0dea065f427b89156e28cdeb32b045870acdf865833ba808a73b576d0",
    "https://deno.land/std@0.175.0/path/common.ts": "ee7505ab01fd22de3963b64e46cff31f40de34f9f8de1fff6a1bd2fe79380000",
    "https://deno.land/std@0.175.0/path/glob.ts": "d479e0a695621c94d3fd7fe7abd4f9499caf32a8de13f25073451c6ef420a4e1",
    "https://deno.land/std@0.175.0/path/mod.ts": "4b83694ac500d7d31b0cdafc927080a53dc0c3027eb2895790fb155082b0d232",
    "https://deno.land/std@0.175.0/path/posix.ts": "8b7c67ac338714b30c816079303d0285dd24af6b284f7ad63da5b27372a2c94d",
    "https://deno.land/std@0.175.0/path/separator.ts": "0fb679739d0d1d7bf45b68dacfb4ec7563597a902edbaf3c59b50d5bcadd93b1",
    "https://deno.land/std@0.175.0/path/win32.ts": "d186344e5583bcbf8b18af416d13d82b35a317116e6460a5a3953508c3de5bba",
    "https://deno.land/std@0.175.0/uuid/_common.ts": "cb1441f4df460571fc0919e1c5c217f3e7006189b703caf946604b3f791ae34d",
    "https://deno.land/std@0.175.0/uuid/mod.ts": "cd4da71beaa7ebfaa575ecb42e24e792559b65d8927e612c13b6ac5d1306f8bb",
    "https://deno.land/std@0.175.0/uuid/v1.ts": "fe36009afce7ced96e1b5928565e12c5a8eb0df1a2b5063c0a72bda6b75c0de5",
    "https://deno.land/std@0.175.0/uuid/v4.ts": "0f081880c156fd59b9e44e2f84ea0f94a3627e89c224eaf6cc982b53d849f37e",
    "https://deno.land/std@0.175.0/uuid/v5.ts": "10558a9c09a06b86fef9e61205180b9585ec4fe3fed7d696e675b8e118f74e8e",
    "https://deno.land/std@0.176.0/_util/asserts.ts": "178dfc49a464aee693a7e285567b3d0b555dc805ff490505a8aae34f9cfb1462",
    "https://deno.land/std@0.176.0/_util/os.ts": "d932f56d41e4f6a6093d56044e29ce637f8dcc43c5a90af43504a889cf1775e3",
    "https://deno.land/std@0.176.0/bytes/copy.ts": "939d89e302a9761dcf1d9c937c7711174ed74c59eef40a1e4569a05c9de88219",
    "https://deno.land/std@0.176.0/encoding/_yaml/dumper/dumper.ts": "49053c293a2250b33f2efc0ce3973280c6dc3bc0b41397af3863b5f03340e01b",
    "https://deno.land/std@0.176.0/encoding/_yaml/dumper/dumper_state.ts": "975a3702752a29251c5746206507dfebbfede60dd2c0dec161dc22633fbc6085",
    "https://deno.land/std@0.176.0/encoding/_yaml/error.ts": "e60ab51d7c0253cf0d1cf7d445202e8e3da5c77aae0032071ba7400121c281b4",
    "https://deno.land/std@0.176.0/encoding/_yaml/loader/loader.ts": "6c59f60faaf78d73db0e016293f4bfed19e6356d7064230d07d6b68a65a1df5d",
    "https://deno.land/std@0.176.0/encoding/_yaml/loader/loader_state.ts": "fcc82fcdf167acb0e9e5e32b32682e58b45f2d44210bf685794797ccb5621232",
    "https://deno.land/std@0.176.0/encoding/_yaml/mark.ts": "0027d6f62a70a6c64b85bd1751ddf1646ea97edcefbf5bea1706d5e519f4e34f",
    "https://deno.land/std@0.176.0/encoding/_yaml/parse.ts": "63e79582e07145ca1d3205d1ac72b82bf5ce14159dabae195abe7e36de8111bd",
    "https://deno.land/std@0.176.0/encoding/_yaml/schema.ts": "0833c75c59bf72c8a8f96f6c0615bcd98d23fdd9b076657f42b5c1a4f9d972b0",
    "https://deno.land/std@0.176.0/encoding/_yaml/schema/core.ts": "366f56673336ba24f5723c04319efcc7471be5f55d5f8d95c9b4a38ec233d4c6",
    "https://deno.land/std@0.176.0/encoding/_yaml/schema/default.ts": "96e9ed6ead36f53a0832c542fc9b8cca7f8b4a67c1c8424e1423a39ee7154db7",
    "https://deno.land/std@0.176.0/encoding/_yaml/schema/extended.ts": "f9bd75c79ebdfb92a8e167488b6bde7113a31b8fabe20ad7eed0904fba11bcd2",
    "https://deno.land/std@0.176.0/encoding/_yaml/schema/failsafe.ts": "cddcbf0258bbe0cd77ca10e2f5aec13439f50d4068f96aab08ca2d64496dabe8",
    "https://deno.land/std@0.176.0/encoding/_yaml/schema/json.ts": "c86905dfb1b6c4633750bfbb5bd529a30be5c08287ab7eb6694390b40e276487",
    "https://deno.land/std@0.176.0/encoding/_yaml/schema/mod.ts": "051f93dd97a15aaad2da62bd24627e8fd2f02fb026d21567d924b720d606f078",
    "https://deno.land/std@0.176.0/encoding/_yaml/state.ts": "ef03d55ec235d48dcfbecc0ab3ade90bfae69a61094846e08003421c2cf5cfc6",
    "https://deno.land/std@0.176.0/encoding/_yaml/stringify.ts": "426b73e4dbaeed26ed855add3862786d7e374bd4c59e5e1bd9a6fcd5082be3c7",
    "https://deno.land/std@0.176.0/encoding/_yaml/type.ts": "5ded5472a0f17a219ac3b0e90d96dc8472a68654a40258a31e03a6c6297b6788",
    "https://deno.land/std@0.176.0/encoding/_yaml/type/binary.ts": "935d39794420ac3718d26716192239de6a53566c6f2ba5010e8ed26936b94a89",
    "https://deno.land/std@0.176.0/encoding/_yaml/type/bool.ts": "1c99cfbaa94b022575b636a73e1549569b26fc6bbff2cd5e539aa77b49bdf303",
    "https://deno.land/std@0.176.0/encoding/_yaml/type/float.ts": "f60ad19b27050add694bfc255b7efef27103f047861aa657823ff3f6853bad11",
    "https://deno.land/std@0.176.0/encoding/_yaml/type/function.ts": "65a37f6bef43ef141854ee48a1058d9c9c4c80ed6eed6cd35608329a6957e27a",
    "https://deno.land/std@0.176.0/encoding/_yaml/type/int.ts": "892f59bb7b2dbd64dd9b643c17441af95c0b962ad027e454cb84a68864787b86",
    "https://deno.land/std@0.176.0/encoding/_yaml/type/map.ts": "92e647a6aec0dc184ea4b039a77a15883b54da754311189c595b43f6aaa50030",
    "https://deno.land/std@0.176.0/encoding/_yaml/type/merge.ts": "8192bf3e4d637f32567917f48bb276043da9cf729cf594e5ec191f7cd229337e",
    "https://deno.land/std@0.176.0/encoding/_yaml/type/mod.ts": "060e2b3d38725094b77ea3a3f05fc7e671fced8e67ca18e525be98c4aa8f4bbb",
    "https://deno.land/std@0.176.0/encoding/_yaml/type/nil.ts": "606e8f0c44d73117c81abec822f89ef81e40f712258c74f186baa1af659b8887",
    "https://deno.land/std@0.176.0/encoding/_yaml/type/omap.ts": "fbd5da9970c211335ff7c8fa11e9c5e9256e568d52418ac237d1538c5cb0d5e6",
    "https://deno.land/std@0.176.0/encoding/_yaml/type/pairs.ts": "ea487a44c0ae64d8d952779fa1cb5fa0a12f32a0b5d3d1e8c1f06f446448427c",
    "https://deno.land/std@0.176.0/encoding/_yaml/type/regexp.ts": "672000d22a1062d61577d30b218c28f5cb1d039a7a60079fdde6a4e558d5ca51",
    "https://deno.land/std@0.176.0/encoding/_yaml/type/seq.ts": "39b28f7c7aa41263c5c42cab9d184f03555e9ba19493766afc0c0c325a9ac49f",
    "https://deno.land/std@0.176.0/encoding/_yaml/type/set.ts": "0e30a9f750306b514c8ae9869d1ac2548d57beab55b33e85ea9673ca0a08264c",
    "https://deno.land/std@0.176.0/encoding/_yaml/type/str.ts": "a67a3c6e429d95041399e964015511779b1130ea5889fa257c48457bd3446e31",
    "https://deno.land/std@0.176.0/encoding/_yaml/type/timestamp.ts": "706ea80a76a73e48efaeb400ace087da1f927647b53ad6f754f4e06d51af087f",
    "https://deno.land/std@0.176.0/encoding/_yaml/type/undefined.ts": "94a316ca450597ccbc6750cbd79097ad0d5f3a019797eed3c841a040c29540ba",
    "https://deno.land/std@0.176.0/encoding/_yaml/utils.ts": "26b311f0d42a7ce025060bd6320a68b50e52fd24a839581eb31734cd48e20393",
    "https://deno.land/std@0.176.0/encoding/yaml.ts": "02571d1bbbcfd7c5647789cee872ecf9c1c470e1b1a40948ed219fb661e19d87",
    "https://deno.land/std@0.176.0/fmt/printf.ts": "e5b426cd6ad13df5d408e9c375c025d59de30e380c5534715bd892df874ab057",
    "https://deno.land/std@0.176.0/fs/exists.ts": "b8c8a457b71e9d7f29b9d2f87aad8dba2739cbe637e8926d6ba6e92567875f8e",
    "https://deno.land/std@0.176.0/io/buffer.ts": "e2b7564f684dad625cab08f5106f33572d325705d19a36822b3272fbdfb8f726",
    "https://deno.land/std@0.176.0/path/_constants.ts": "e49961f6f4f48039c0dfed3c3f93e963ca3d92791c9d478ac5b43183413136e0",
    "https://deno.land/std@0.176.0/path/_interface.ts": "6471159dfbbc357e03882c2266d21ef9afdb1e4aa771b0545e90db58a0ba314b",
    "https://deno.land/std@0.176.0/path/_util.ts": "d7abb1e0dea065f427b89156e28cdeb32b045870acdf865833ba808a73b576d0",
    "https://deno.land/std@0.176.0/path/common.ts": "ee7505ab01fd22de3963b64e46cff31f40de34f9f8de1fff6a1bd2fe79380000",
    "https://deno.land/std@0.176.0/path/glob.ts": "d479e0a695621c94d3fd7fe7abd4f9499caf32a8de13f25073451c6ef420a4e1",
    "https://deno.land/std@0.176.0/path/mod.ts": "4b83694ac500d7d31b0cdafc927080a53dc0c3027eb2895790fb155082b0d232",
    "https://deno.land/std@0.176.0/path/posix.ts": "8b7c67ac338714b30c816079303d0285dd24af6b284f7ad63da5b27372a2c94d",
    "https://deno.land/std@0.176.0/path/separator.ts": "0fb679739d0d1d7bf45b68dacfb4ec7563597a902edbaf3c59b50d5bcadd93b1",
    "https://deno.land/std@0.176.0/path/win32.ts": "d186344e5583bcbf8b18af416d13d82b35a317116e6460a5a3953508c3de5bba",
    "https://deno.land/std@0.176.0/streams/_common.ts": "f45cba84f0d813de3326466095539602364a9ba521f804cc758f7a475cda692d",
    "https://deno.land/std@0.176.0/streams/iterate_reader.ts": "06491ed8f1bb1c619abbfa04c10b173ff95a93e51fe5037b7c1ad0b5cc01fc7d",
    "https://deno.land/std@0.176.0/types.d.ts": "220ed56662a0bd393ba5d124aa6ae2ad36a00d2fcbc0e8666a65f4606aaa9784",
    "https://deno.land/x/denops_core@v4.0.0/denops.ts": "73561b60556ffb39112feff4f53eac1752c1f2db28548c5c74e2befb5ae741bf",
    "https://deno.land/x/denops_core@v4.0.0/mod.ts": "abc31bf739a30a8cf07d54a56b7c5d5efb8105bf9dd4d6dae4866649985bc035",
    "https://deno.land/x/denops_std@v4.0.0/anonymous/mod.ts": "00aeebf858fca90ea5b6e740ba76054bd89f89df8df1de28650fa6afa3e329eb",
    "https://deno.land/x/denops_std@v4.0.0/autocmd/common.ts": "efefc6d54297525fcbdd38f4f870403cf1897ad957bfa191658e4336cf3e7bee",
    "https://deno.land/x/denops_std@v4.0.0/autocmd/group.ts": "43ee21b2a02398a276aad563eccac542f593b8dd981ac7ccbcb3abbeca623e0a",
    "https://deno.land/x/denops_std@v4.0.0/autocmd/mod.ts": "a3fbf1c1b2bd5a7f95a3bc94e6df909b291376d657bc35272b52ad3e2728ec8a",
    "https://deno.land/x/denops_std@v4.0.0/autocmd/types.ts": "485f918030b3d28c86052dcf7822f6bbeaa95119db1f0d7632af54b1c087f53c",
    "https://deno.land/x/denops_std@v4.0.0/autocmd/utils.ts": "f0238f60cf80acb14c8aaa89b25454714f3f627b1f8c94ca8197e906ff753f3f",
    "https://deno.land/x/denops_std@v4.0.0/batch/batch.ts": "9bf8125b451959edc2f8d95e1829f3bcf4d138526a4d4f3c17865026abf07372",
    "https://deno.land/x/denops_std@v4.0.0/batch/gather.ts": "ca346eb547c954251b1be56a153f0de06d7a8b3080a76f228cf3da9370b187b8",
    "https://deno.land/x/denops_std@v4.0.0/batch/mod.ts": "31952c134d344bab5a7dbc3304506a5b60afa96d50bfbaf5dce1971251183dea",
    "https://deno.land/x/denops_std@v4.0.0/function/_generated.ts": "5cd50c86f8a80fc47f643defacdca785216f8a11ecba1e71520bff6b3ff0f82c",
    "https://deno.land/x/denops_std@v4.0.0/function/_manual.ts": "a26da7f6d5cae879eac8ebb925cf86943ef49644fe99878c69c6917697672ea7",
    "https://deno.land/x/denops_std@v4.0.0/function/buffer.ts": "6126d5978edebc1c335d27acc2bb5f11aadc97c569fcd4b2780ba6b5e1050f54",
    "https://deno.land/x/denops_std@v4.0.0/function/common.ts": "8f3659c1e55f9333e821f8ee70625df8903ca8439253708f519fe82346945952",
    "https://deno.land/x/denops_std@v4.0.0/function/cursor.ts": "07c5600f529794a5770ddd4bce15771a4fb8125b0148fb092656d9cf1854c710",
    "https://deno.land/x/denops_std@v4.0.0/function/getreginfo.ts": "3dc36377121fa9958e2ac105c2e0d2e88a6118d14987acd3cee44dbffc2f90a3",
    "https://deno.land/x/denops_std@v4.0.0/function/input.ts": "1085df40870f7ae7b7c9d77fdd77da1dbbff36d77d9ce68d75257ddf69720cd5",
    "https://deno.land/x/denops_std@v4.0.0/function/mod.ts": "714b13733ab9a1a4cb77220dafe27ee5edabe00c000ab79f8ab030a5c8440788",
    "https://deno.land/x/denops_std@v4.0.0/function/types.ts": "e45d9ad042f7901fa38bf530672a378a629dcdf9f79fa759506912ca4a0d18f9",
    "https://deno.land/x/denops_std@v4.0.0/function/various.ts": "0f28ba97b4fd831cf9f7400fe466c7b943fec18868f3a701f7f348b33f1cfba3",
    "https://deno.land/x/denops_std@v4.0.0/helper/echo.ts": "21df75fdf37a9847c34f7c0a91812d0b119f8f68e514ac38188f5e958afbdf0f",
    "https://deno.land/x/denops_std@v4.0.0/helper/execute.ts": "a9446708959c5f417301c1eeab0ead2a8abbaf4b5e22e59b927d7ea18557c9f7",
    "https://deno.land/x/denops_std@v4.0.0/helper/input.ts": "86470d6539813c2bc17ba2d2040215de2dfc959bcdb9cbd4be279e6d025dd679",
    "https://deno.land/x/denops_std@v4.0.0/helper/load.ts": "b876c629d624f040ebbc073800912e531a7367bb3258e677bc2e4efb4c2e3422",
    "https://deno.land/x/denops_std@v4.0.0/helper/mod.ts": "4f008bc1bfdb89129b493c49be1996c9aa7902ad0a862675a7884d4d6c255c8f",
    "https://deno.land/x/denops_std@v4.0.0/mod.ts": "d6bbd362334ac11d515764f478dcea7be69fe1b11e8141065779849dfca9c92a",
    "https://deno.land/x/denops_std@v4.0.0/option/_generated.ts": "2106adf57207b2c01eb7e4dab4c4654ea389c2d64be5c35df1dc4c36d0d8707b",
    "https://deno.land/x/denops_std@v4.0.0/option/_manual.ts": "e3b0c44298fc1c149afbf4c8996fb92427ae41e4649b934ca495991b7852b855",
    "https://deno.land/x/denops_std@v4.0.0/option/mod.ts": "d1c79cd2733c3efc2d3b89f51cfe8d71f2567af066d0c0e27fa3d0731e3d7c96",
    "https://deno.land/x/denops_std@v4.0.0/util.ts": "ded8c5790c4cb6082d27596ff0958291d795695ec6323113dec5c1985b5ebb46",
    "https://deno.land/x/denops_std@v4.0.0/variable/environment.ts": "1a0045c15416a6c19668b54bc66d069481bf19c2924412da7c7c5ce1f049ec1e",
    "https://deno.land/x/denops_std@v4.0.0/variable/mod.ts": "b247a9153211f1fd1eaaadf35efc3b0f7dd16ed57eb2a8137419138934a2fec5",
    "https://deno.land/x/denops_std@v4.0.0/variable/option.ts": "4b8442d94edee547bc505eb9c774f7b0bfe8915d4878bef803e64d5e01f58a7f",
    "https://deno.land/x/denops_std@v4.0.0/variable/register.ts": "12d6640087aed01f4cdb7751c7af077a558e3b276d209772edc787411136a3b4",
    "https://deno.land/x/denops_std@v4.0.0/variable/types.ts": "3b13afd2ee36e901ab0c158c68cdfb0c7ded3bec25ccb44346fb5c333ae1070c",
    "https://deno.land/x/denops_std@v4.0.0/variable/variable.ts": "d5fe93f9f4437bed116fdd07d4ca5d94a6a0e6da886d0f145343a4577a28485a",
    "https://deno.land/x/denops_std@v4.1.0/anonymous/mod.ts": "00aeebf858fca90ea5b6e740ba76054bd89f89df8df1de28650fa6afa3e329eb",
    "https://deno.land/x/denops_std@v4.1.0/autocmd/common.ts": "efefc6d54297525fcbdd38f4f870403cf1897ad957bfa191658e4336cf3e7bee",
    "https://deno.land/x/denops_std@v4.1.0/autocmd/group.ts": "43ee21b2a02398a276aad563eccac542f593b8dd981ac7ccbcb3abbeca623e0a",
    "https://deno.land/x/denops_std@v4.1.0/autocmd/mod.ts": "a3fbf1c1b2bd5a7f95a3bc94e6df909b291376d657bc35272b52ad3e2728ec8a",
    "https://deno.land/x/denops_std@v4.1.0/autocmd/types.ts": "485f918030b3d28c86052dcf7822f6bbeaa95119db1f0d7632af54b1c087f53c",
    "https://deno.land/x/denops_std@v4.1.0/autocmd/utils.ts": "f0238f60cf80acb14c8aaa89b25454714f3f627b1f8c94ca8197e906ff753f3f",
    "https://deno.land/x/denops_std@v4.1.0/batch/batch.ts": "9bf8125b451959edc2f8d95e1829f3bcf4d138526a4d4f3c17865026abf07372",
    "https://deno.land/x/denops_std@v4.1.0/batch/gather.ts": "ca346eb547c954251b1be56a153f0de06d7a8b3080a76f228cf3da9370b187b8",
    "https://deno.land/x/denops_std@v4.1.0/batch/mod.ts": "31952c134d344bab5a7dbc3304506a5b60afa96d50bfbaf5dce1971251183dea",
    "https://deno.land/x/denops_std@v4.1.0/function/_generated.ts": "5cd50c86f8a80fc47f643defacdca785216f8a11ecba1e71520bff6b3ff0f82c",
    "https://deno.land/x/denops_std@v4.1.0/function/_manual.ts": "a26da7f6d5cae879eac8ebb925cf86943ef49644fe99878c69c6917697672ea7",
    "https://deno.land/x/denops_std@v4.1.0/function/buffer.ts": "6126d5978edebc1c335d27acc2bb5f11aadc97c569fcd4b2780ba6b5e1050f54",
    "https://deno.land/x/denops_std@v4.1.0/function/common.ts": "8f3659c1e55f9333e821f8ee70625df8903ca8439253708f519fe82346945952",
    "https://deno.land/x/denops_std@v4.1.0/function/cursor.ts": "07c5600f529794a5770ddd4bce15771a4fb8125b0148fb092656d9cf1854c710",
    "https://deno.land/x/denops_std@v4.1.0/function/getreginfo.ts": "3dc36377121fa9958e2ac105c2e0d2e88a6118d14987acd3cee44dbffc2f90a3",
    "https://deno.land/x/denops_std@v4.1.0/function/input.ts": "1085df40870f7ae7b7c9d77fdd77da1dbbff36d77d9ce68d75257ddf69720cd5",
    "https://deno.land/x/denops_std@v4.1.0/function/mod.ts": "714b13733ab9a1a4cb77220dafe27ee5edabe00c000ab79f8ab030a5c8440788",
    "https://deno.land/x/denops_std@v4.1.0/function/types.ts": "e45d9ad042f7901fa38bf530672a378a629dcdf9f79fa759506912ca4a0d18f9",
    "https://deno.land/x/denops_std@v4.1.0/function/various.ts": "0f28ba97b4fd831cf9f7400fe466c7b943fec18868f3a701f7f348b33f1cfba3",
    "https://deno.land/x/denops_std@v4.1.0/helper/echo.ts": "21df75fdf37a9847c34f7c0a91812d0b119f8f68e514ac38188f5e958afbdf0f",
    "https://deno.land/x/denops_std@v4.1.0/helper/execute.ts": "a9446708959c5f417301c1eeab0ead2a8abbaf4b5e22e59b927d7ea18557c9f7",
    "https://deno.land/x/denops_std@v4.1.0/helper/input.ts": "86470d6539813c2bc17ba2d2040215de2dfc959bcdb9cbd4be279e6d025dd679",
    "https://deno.land/x/denops_std@v4.1.0/helper/load.ts": "b876c629d624f040ebbc073800912e531a7367bb3258e677bc2e4efb4c2e3422",
    "https://deno.land/x/denops_std@v4.1.0/helper/mod.ts": "4f008bc1bfdb89129b493c49be1996c9aa7902ad0a862675a7884d4d6c255c8f",
    "https://deno.land/x/denops_std@v4.1.0/mod.ts": "d6bbd362334ac11d515764f478dcea7be69fe1b11e8141065779849dfca9c92a",
    "https://deno.land/x/denops_std@v4.1.0/option/_generated.ts": "2106adf57207b2c01eb7e4dab4c4654ea389c2d64be5c35df1dc4c36d0d8707b",
    "https://deno.land/x/denops_std@v4.1.0/option/_manual.ts": "e3b0c44298fc1c149afbf4c8996fb92427ae41e4649b934ca495991b7852b855",
    "https://deno.land/x/denops_std@v4.1.0/option/mod.ts": "d1c79cd2733c3efc2d3b89f51cfe8d71f2567af066d0c0e27fa3d0731e3d7c96",
    "https://deno.land/x/denops_std@v4.1.0/util.ts": "ded8c5790c4cb6082d27596ff0958291d795695ec6323113dec5c1985b5ebb46",
    "https://deno.land/x/denops_std@v4.1.0/variable/environment.ts": "1a0045c15416a6c19668b54bc66d069481bf19c2924412da7c7c5ce1f049ec1e",
    "https://deno.land/x/denops_std@v4.1.0/variable/mod.ts": "b247a9153211f1fd1eaaadf35efc3b0f7dd16ed57eb2a8137419138934a2fec5",
    "https://deno.land/x/denops_std@v4.1.0/variable/option.ts": "4b8442d94edee547bc505eb9c774f7b0bfe8915d4878bef803e64d5e01f58a7f",
    "https://deno.land/x/denops_std@v4.1.0/variable/register.ts": "12d6640087aed01f4cdb7751c7af077a558e3b276d209772edc787411136a3b4",
    "https://deno.land/x/denops_std@v4.1.0/variable/types.ts": "3b13afd2ee36e901ab0c158c68cdfb0c7ded3bec25ccb44346fb5c333ae1070c",
    "https://deno.land/x/denops_std@v4.1.0/variable/variable.ts": "d5fe93f9f4437bed116fdd07d4ca5d94a6a0e6da886d0f145343a4577a28485a",
    "https://deno.land/x/exec@0.0.5/mod.ts": "2a71f7e23e25be883275b22d872bbd2c3dfa3058934f1f156c8663fb81f5894f",
    "https://deno.land/x/os_paths@v7.2.0/dist/esm/lib/OSPaths.js": "db4f5f05765a1c862e7b1e0f0c293fc752e94e213eabff19f3c03af9b2164f98",
    "https://deno.land/x/os_paths@v7.2.0/dist/types/mod.d.ts": "91f653334edf361e16ad0a07fc5d61e1a01ebfe9d5ab8bdecef83041e0744012",
    "https://deno.land/x/os_paths@v7.2.0/src/mod.deno.ts": "5e34d7c1a033665276a1a06e3957a52218bf4711a801f38cf92978aacfad5666",
    "https://deno.land/x/os_paths@v7.2.0/src/platform-adapters/_base.ts": "ca9adf679709824e070631921932620ab4dc2a39fff9706f95592d1620e34dc6",
    "https://deno.land/x/os_paths@v7.2.0/src/platform-adapters/deno.deno.ts": "d184d709522bf2703dc12ff335eb6a10d758a3a5dd4d97524d2aef9d3d448c13",
    "https://deno.land/x/unknownutil@v2.1.0/assert.ts": "33ac165c3917129a66f29a7098c0d56d8be290cc271afd0152705b97c770892d",
    "https://deno.land/x/unknownutil@v2.1.0/ensure.ts": "c7878930c8bd341e88c4f1fc742e98fe5e8451f5b9bac21fae2d085914d95827",
    "https://deno.land/x/unknownutil@v2.1.0/is.ts": "32ef707359264c5baf97725ceb13f87ef34e73b50eb199d76034742bec21f2a2",
    "https://deno.land/x/unknownutil@v2.1.0/maybe.ts": "260f159636893d2d0e08814151a0b19b3bc0e7fa8b423bdf2b64aa664a4ee735",
    "https://deno.land/x/unknownutil@v2.1.0/mod.ts": "ccd4f6ba067ac766da0533f13a018a6734c042a9484115fa49c7face17e8501d",
    "https://deno.land/x/xdg@v10.5.1/dist/esm/lib/XDG.js": "4c04a45149d66e4ca29ea914aac137e7b0f0b6a8ef431ffc63fef46bc3747064",
    "https://deno.land/x/xdg@v10.5.1/dist/types/mod.d.ts": "2a11aeafdb7136478dd580ffd30b7c34bf827d4f6ee9f7e833eb257d21cdb360",
    "https://deno.land/x/xdg@v10.5.1/src/mod.deno.ts": "e478cc109794bfc130ec81711f9a20d594e6fad848f796c68b75dbe510683c39",
    "https://deno.land/x/xdg@v10.5.1/src/platform-adapters/_base.ts": "c79a7f0e5b1d77e23cbc6c782a02958573338e9dfa644a7aa5a1f7c402ff56ef",
    "https://deno.land/x/xdg@v10.5.1/src/platform-adapters/deno.deno.ts": "5f5852dc4588c10ad8fd0450421fa728741838cf5839a209d53323ccc9ed4c00",
    "https://deno.land/x/yargs_parser@yargs-parser-v21.1.1-deno/build/lib/string-utils.js": "0d14d7a4b273d34c12379abdd369088ad09555d7c1cf6f2619c06ba0bafbf552",
    "https://deno.land/x/yargs_parser@yargs-parser-v21.1.1-deno/build/lib/tokenize-arg-string.js": "b407a546e2bc210cdfa2685e6802743fadbbb11cdb646e1c489d8f507cf53acc",
    "https://deno.land/x/yargs_parser@yargs-parser-v21.1.1-deno/build/lib/yargs-parser-types.d.ts": "287cc007c3dfd39a9050b1c7e9b64e65cbeee326aea009bc8497550a52fd1950",
    "https://deno.land/x/yargs_parser@yargs-parser-v21.1.1-deno/build/lib/yargs-parser-types.js": "2ad2a7cd5bc7fde9e28f71525599fc8196ac9aec00f84d285f53c484c64300b9",
    "https://deno.land/x/yargs_parser@yargs-parser-v21.1.1-deno/build/lib/yargs-parser.js": "4864e5d4520e72489cd492e70401387ea3db2a2b710831c513dd08700e6d8e22",
    "https://deno.land/x/yargs_parser@yargs-parser-v21.1.1-deno/deno.ts": "ac684e36df011e65b86b476a0ca78d7170793bef7324cd17f830eedb2740235d",
    "https://deno.land/x/yargs_parser@yargs-parser-v21.1.1-deno/lib/yargs-parser-types.ts": "1ba00f7a85c734f2aaf5cc6dc78f56a2ec9f2811fb50c4f0d33e55d9a504d68a"
  }
}
